Microsoft Visual Studio Solution File, Format Version 12.00
# Visual Studio Version 16
VisualStudioVersion = 16.0.28809.33
MinimumVisualStudioVersion = 10.0.40219.1
Project("{8BC9CEB8-8B4A-11D0-8D11-00A0C91BC942}") = "stap++", "stap++.vcxproj", "{79F97CC2-4C02-3DB2-9028-79AD38A056F2}"
EndProject
Global
	GlobalSection(SolutionConfigurationPlatforms) = preSolution
		Debug|x64 = Debug|x64
		MinSizeRel|x64 = MinSizeRel|x64
		Release|x64 = Release|x64
		RelWithDebInfo|x64 = RelWithDebInfo|x64
	EndGlobalSection
	GlobalSection(ProjectConfigurationPlatforms) = postSolution
		{79F97CC2-4C02-3DB2-9028-79AD38A056F2}.Debug|x64.ActiveCfg = Debug|x64
		{79F97CC2-4C02-3DB2-9028-79AD38A056F2}.Debug|x64.Build.0 = Debug|x64
		{79F97CC2-4C02-3DB2-9028-79AD38A056F2}.MinSizeRel|x64.ActiveCfg = MinSizeRel|x64
		{79F97CC2-4C02-3DB2-9028-79AD38A056F2}.MinSizeRel|x64.Build.0 = MinSizeRel|x64
		{79F97CC2-4C02-3DB2-9028-79AD38A056F2}.Release|x64.ActiveCfg = Release|x64
		{79F97CC2-4C02-3DB2-9028-79AD38A056F2}.Release|x64.Build.0 = Release|x64
		{79F97CC2-4C02-3DB2-9028-79AD38A056F2}.RelWithDebInfo|x64.ActiveCfg = RelWithDebInfo|x64
		{79F97CC2-4C02-3DB2-9028-79AD38A056F2}.RelWithDebInfo|x64.Build.0 = RelWithDebInfo|x64
	EndGlobalSection
	GlobalSection(SolutionProperties) = preSolution
		HideSolutionNode = FALSE
	EndGlobalSection
	GlobalSection(ExtensibilityGlobals) = postSolution
		SolutionGuid = {A99684B8-0D9C-33B8-BDEB-7155D568DFDA}
	EndGlobalSection
EndGlobal
